
Microsoft Visual Studio Solution File, Format Version 12.00
# Visual Studio Version 17
VisualStudioVersion = 17.4.33110.190
MinimumVisualStudioVersion = 10.0.40219.1
Project("{FAE04EC0-301F-11D3-BF4B-00C04F79EFBC}") = "Tyt Ayt Net Hesaplama", "Tyt Ayt Net Hesaplama\Tyt Ayt Net Hesaplama.csproj", "{86165C2E-8503-4EC7-8E0A-45B793C5E335}"
EndProject
Global
	GlobalSection(SolutionConfigurationPlatforms) = preSolution
		Debug|Any CPU = Debug|Any CPU
		Release|Any CPU = Release|Any CPU
	EndGlobalSection
	GlobalSection(ProjectConfigurationPlatforms) = postSolution
		{86165C2E-8503-4EC7-8E0A-45B793C5E335}.Debug|Any CPU.ActiveCfg = Debug|Any CPU
		{86165C2E-8503-4EC7-8E0A-45B793C5E335}.Debug|Any CPU.Build.0 = Debug|Any CPU
		{86165C2E-8503-4EC7-8E0A-45B793C5E335}.Release|Any CPU.ActiveCfg = Release|Any CPU
		{86165C2E-8503-4EC7-8E0A-45B793C5E335}.Release|Any CPU.Build.0 = Release|Any CPU
	EndGlobalSection
	GlobalSection(SolutionProperties) = preSolution
		HideSolutionNode = FALSE
	EndGlobalSection
	GlobalSection(ExtensibilityGlobals) = postSolution
		SolutionGuid = {BA1205C6-0E75-412A-8624-1844AD4F618C}
	EndGlobalSection
EndGlobal
